
Microsoft Visual Studio Solution File, Format Version 12.00
# Visual Studio Version 16
VisualStudioVersion = 16.0.29306.81
MinimumVisualStudioVersion = 10.0.40219.1
Project("{9A19103F-16F7-4668-BE54-9A1E7A4F7556}") = "HttpClientFactory_Directly", "HttpClientFactory_Directly\HttpClientFactory_Directly.csproj", "{915B05D2-2E73-4ABF-BB2D-14E5061278A1}"
EndProject
Project("{9A19103F-16F7-4668-BE54-9A1E7A4F7556}") = "HttpClientFactory_NamedClients", "HttpClientFactory_NamedClients\HttpClientFactory_NamedClients.csproj", "{C9187867-D634-40AF-974F-51C6BD50BF96}"
EndProject
Project("{9A19103F-16F7-4668-BE54-9A1E7A4F7556}") = "HttpClientFactory_TypedClients", "HttpClientFactory_TypedClients\HttpClientFactory_TypedClients.csproj", "{463C8A74-D70E-4CA2-8188-17A7A9423335}"
EndProject
Global
	GlobalSection(SolutionConfigurationPlatforms) = preSolution
		Debug|Any CPU = Debug|Any CPU
		Release|Any CPU = Release|Any CPU
	EndGlobalSection
	GlobalSection(ProjectConfigurationPlatforms) = postSolution
		{915B05D2-2E73-4ABF-BB2D-14E5061278A1}.Debug|Any CPU.ActiveCfg = Debug|Any CPU
		{915B05D2-2E73-4ABF-BB2D-14E5061278A1}.Debug|Any CPU.Build.0 = Debug|Any CPU
		{915B05D2-2E73-4ABF-BB2D-14E5061278A1}.Release|Any CPU.ActiveCfg = Release|Any CPU
		{915B05D2-2E73-4ABF-BB2D-14E5061278A1}.Release|Any CPU.Build.0 = Release|Any CPU
		{C9187867-D634-40AF-974F-51C6BD50BF96}.Debug|Any CPU.ActiveCfg = Debug|Any CPU
		{C9187867-D634-40AF-974F-51C6BD50BF96}.Debug|Any CPU.Build.0 = Debug|Any CPU
		{C9187867-D634-40AF-974F-51C6BD50BF96}.Release|Any CPU.ActiveCfg = Release|Any CPU
		{C9187867-D634-40AF-974F-51C6BD50BF96}.Release|Any CPU.Build.0 = Release|Any CPU
		{463C8A74-D70E-4CA2-8188-17A7A9423335}.Debug|Any CPU.ActiveCfg = Debug|Any CPU
		{463C8A74-D70E-4CA2-8188-17A7A9423335}.Debug|Any CPU.Build.0 = Debug|Any CPU
		{463C8A74-D70E-4CA2-8188-17A7A9423335}.Release|Any CPU.ActiveCfg = Release|Any CPU
		{463C8A74-D70E-4CA2-8188-17A7A9423335}.Release|Any CPU.Build.0 = Release|Any CPU
	EndGlobalSection
	GlobalSection(SolutionProperties) = preSolution
		HideSolutionNode = FALSE
	EndGlobalSection
	GlobalSection(ExtensibilityGlobals) = postSolution
		SolutionGuid = {0DDA8833-0CDA-4997-A1A9-A298A4CF3310}
	EndGlobalSection
EndGlobal
